{
  "name": "lloydbennett.github.io",
  "version": "1.0.0",
  "lockfileVersion": 1,
  "requires": true,
  "dependencies": {
    "fullpage.js": {
      "version": "3.0.5",
      "resolved": "https://registry.npmjs.org/fullpage.js/-/fullpage.js-3.0.5.tgz",
      "integrity": "sha512-80zJ12tqIkwNgVRnrJiP2RDy1okF9wXj5I7BDg5dsJcHCpgzb052ATCjz+3g7Zp1fjGsaDmEu1m92MafGqcO3w=="
    },
    "jquery": {
      "version": "3.4.1",
      "resolved": "https://registry.npmjs.org/jquery/-/jquery-3.4.1.tgz",
      "integrity": "sha512-36+AdBzCL+y6qjw5Tx7HgzeGCzC81MDDgaUP8ld2zhx58HdqXGoBd+tHdrBMiyjGQs0Hxs/MLZTu/eHNJJuWPw=="
    },
    "jquery-scrollify": {
      "version": "1.0.20",
      "resolved": "https://registry.npmjs.org/jquery-scrollify/-/jquery-scrollify-1.0.20.tgz",
      "integrity": "sha512-IQL48SOf42ndbH0MV9e4IsobizRQ+7R8iPp7uIbc7faK7kKb8DtFMEscm1mLBmVB+fxLnHaqsOYahuMgiMN5Xg==",
      "requires": {
        "jquery": ">=1.7"
      }
    },
    "wow.js": {
      "version": "1.2.2",
      "resolved": "https://registry.npmjs.org/wow.js/-/wow.js-1.2.2.tgz",
      "integrity": "sha1-JHUZsKNCMZsaY+Iq6prOwanqV/U="
    }
  }
}
